
Microsoft Visual Studio Solution File, Format Version 12.00
# Visual Studio Version 17
VisualStudioVersion = 17.10.35027.167
MinimumVisualStudioVersion = 10.0.40219.1
Project("{FAE04EC0-301F-11D3-BF4B-00C04F79EFBC}") = "webapp", "webapp\webapp.csproj", "{64096EAB-90F1-4C0B-B2A8-46B9A0F05617}"
EndProject
Global
	GlobalSection(SolutionConfigurationPlatforms) = preSolution
		Debug|Any CPU = Debug|Any CPU
		Release|Any CPU = Release|Any CPU
	EndGlobalSection
	GlobalSection(ProjectConfigurationPlatforms) = postSolution
		{64096EAB-90F1-4C0B-B2A8-46B9A0F05617}.Debug|Any CPU.ActiveCfg = Debug|Any CPU
		{64096EAB-90F1-4C0B-B2A8-46B9A0F05617}.Debug|Any CPU.Build.0 = Debug|Any CPU
		{64096EAB-90F1-4C0B-B2A8-46B9A0F05617}.Release|Any CPU.ActiveCfg = Release|Any CPU
		{64096EAB-90F1-4C0B-B2A8-46B9A0F05617}.Release|Any CPU.Build.0 = Release|Any CPU
	EndGlobalSection
	GlobalSection(SolutionProperties) = preSolution
		HideSolutionNode = FALSE
	EndGlobalSection
	GlobalSection(ExtensibilityGlobals) = postSolution
		SolutionGuid = {FCEC7C15-E07B-4B42-B06C-F1E13F2D79EC}
	EndGlobalSection
EndGlobal
